<?xml version="1.0" encoding="utf-8"?>
<Project ToolsVersion="4.0" xmlns="http://schemas.microsoft.com/developer/msbuild/2003">
  <ItemGroup>
    <Filter Include="Source Files">
      <UniqueIdentifier>{4FC737F1-C7A5-4376-A066-2A32D752A2FF}</UniqueIdentifier>
      <Extensions>cpp;cxx;c;def</Extensions>
    </Filter>
    <Filter Include="Header Files">
      <UniqueIdentifier>{93995380-89BD-4b04-88EB-625FBE52EBFB}</UniqueIdentifier>
      <Extensions>h</Extensions>
    </Filter>
    <Filter Include="Resource Files">
      <UniqueIdentifier>{D9D6E242-F8AF-46E4-B9FD-80ECBC20BA3E}</UniqueIdentifier>
      <Extensions>qrc;*</Extensions>
      <ParseFiles>false</ParseFiles>
    </Filter>
    <Filter Include="Generated Files">
      <UniqueIdentifier>{71ED8ED8-ACB9-4CE9-BBE1-E00B30144E11}</UniqueIdentifier>
      <Extensions>moc;h;cpp</Extensions>
      <SourceControlFiles>False</SourceControlFiles>
    </Filter>
    <Filter Include="UnitTest">
      <UniqueIdentifier>{3ab009cc-0916-4b48-8f53-58187e8ca7b3}</UniqueIdentifier>
    </Filter>
  </ItemGroup>
  <ItemGroup>
    <ClCompile Include="..\102598041_new\AddComponentCmd.cpp">
      <Filter>Source Files</Filter>
    </ClCompile>
    <ClCompile Include="..\102598041_new\SaveFiles.cpp">
      <Filter>Source Files</Filter>
    </ClCompile>
    <ClCompile Include="..\102598041_QT\AddNodeState.cpp">
      <Filter>Source Files</Filter>
    </ClCompile>
    <ClCompile Include="..\102598041_new\Attributes.cpp">
      <Filter>Source Files</Filter>
    </ClCompile>
    <ClCompile Include="..\102598041_new\Command.cpp">
      <Filter>Source Files</Filter>
    </ClCompile>
    <ClCompile Include="..\102598041_new\CommandManager.cpp">
      <Filter>Source Files</Filter>
    </ClCompile>
    <ClCompile Include="..\102598041_new\ComponentData.cpp">
      <Filter>Source Files</Filter>
    </ClCompile>
    <ClCompile Include="..\102598041_new\ComponentFactory.cpp">
      <Filter>Source Files</Filter>
    </ClCompile>
    <ClCompile Include="..\102598041_new\Components.cpp">
      <Filter>Source Files</Filter>
    </ClCompile>
    <ClCompile Include="..\102598041_new\ConnectComponentsCmd.cpp">
      <Filter>Source Files</Filter>
    </ClCompile>
    <ClCompile Include="..\102598041_new\Connection.cpp">
      <Filter>Source Files</Filter>
    </ClCompile>
    <ClCompile Include="..\102598041_new\ConnectionData.cpp">
      <Filter>Source Files</Filter>
    </ClCompile>
    <ClCompile Include="..\102598041_QT\ConnectState.cpp">
      <Filter>Source Files</Filter>
    </ClCompile>
    <ClCompile Include="..\102598041_new\ConstString.cpp">
      <Filter>Source Files</Filter>
    </ClCompile>
    <ClCompile Include="..\102598041_new\Convertor.cpp">
      <Filter>Source Files</Filter>
    </ClCompile>
    <ClCompile Include="..\102598041_new\DeleteComponentCmd.cpp">
      <Filter>Source Files</Filter>
    </ClCompile>
    <ClCompile Include="..\102598041_new\Entity.cpp">
      <Filter>Source Files</Filter>
    </ClCompile>
    <ClCompile Include="..\102598041_new\EntityData.cpp">
      <Filter>Source Files</Filter>
    </ClCompile>
    <ClCompile Include="..\102598041_new\ERModel.cpp">
      <Filter>Source Files</Filter>
    </ClCompile>
    <ClCompile Include="..\102598041_new\ERModelInterface.cpp">
      <Filter>Source Files</Filter>
    </ClCompile>
    <ClCompile Include="..\102598041_QT\GUIPresentation.cpp">
      <Filter>Source Files</Filter>
    </ClCompile>
    <ClCompile Include="..\102598041_new\LoadFiles.cpp">
      <Filter>Source Files</Filter>
    </ClCompile>
    <ClCompile Include="..\102598041_new\MessageOfConstInteger.cpp">
      <Filter>Source Files</Filter>
    </ClCompile>
    <ClCompile Include="..\102598041_new\Node.cpp">
      <Filter>Source Files</Filter>
    </ClCompile>
    <ClCompile Include="..\102598041_new\NullComponent.cpp">
      <Filter>Source Files</Filter>
    </ClCompile>
    <ClCompile Include="..\102598041_QT\PointState.cpp">
      <Filter>Source Files</Filter>
    </ClCompile>
    <ClCompile Include="..\102598041_new\Relationship.cpp">
      <Filter>Source Files</Filter>
    </ClCompile>
    <ClCompile Include="..\102598041_new_UnitTesting\AddComponentCmdTest.cpp">
      <Filter>UnitTest</Filter>
    </ClCompile>
    <ClCompile Include="..\102598041_new_UnitTesting\SaveFileTest.cpp">
      <Filter>UnitTest</Filter>
    </ClCompile>
    <ClCompile Include="..\102598041_new_UnitTesting\AttributeTest.cpp">
      <Filter>UnitTest</Filter>
    </ClCompile>
    <ClCompile Include="..\102598041_new_UnitTesting\CommandManagerTest.cpp">
      <Filter>UnitTest</Filter>
    </ClCompile>
    <ClCompile Include="..\102598041_new_UnitTesting\ConnectComponentsCmdTest.cpp">
      <Filter>UnitTest</Filter>
    </ClCompile>
    <ClCompile Include="..\102598041_new_UnitTesting\ConnectionTest.cpp">
      <Filter>UnitTest</Filter>
    </ClCompile>
    <ClCompile Include="..\102598041_new_UnitTesting\DeleteComponentCmdTest.cpp">
      <Filter>UnitTest</Filter>
    </ClCompile>
    <ClCompile Include="..\102598041_new_UnitTesting\EntityTest.cpp">
      <Filter>UnitTest</Filter>
    </ClCompile>
    <ClCompile Include="..\102598041_new_UnitTesting\ERModelTest.cpp">
      <Filter>UnitTest</Filter>
    </ClCompile>
    <ClCompile Include="..\102598041_new_UnitTesting\LoadFileTest.cpp">
      <Filter>UnitTest</Filter>
    </ClCompile>
    <ClCompile Include="..\102598041_new_UnitTesting\main.cpp">
      <Filter>UnitTest</Filter>
    </ClCompile>
    <ClCompile Include="..\102598041_new_UnitTesting\RelationshipTest.cpp">
      <Filter>UnitTest</Filter>
    </ClCompile>
    <ClCompile Include="..\102598041_QT\State.cpp">
      <Filter>Source Files</Filter>
    </ClCompile>
    <ClCompile Include="..\102598041_QT\GUIPresentationSubject.cpp">
      <Filter>Source Files</Filter>
    </ClCompile>
    <ClCompile Include="..\102598041_QT\MainWindowObserver.cpp">
      <Filter>Source Files</Filter>
    </ClCompile>
    <ClCompile Include="..\102598041_QT\MainWindowSubject.cpp">
      <Filter>Source Files</Filter>
    </ClCompile>
    <ClCompile Include="..\102598041_new\Presentation.cpp">
      <Filter>Source Files</Filter>
    </ClCompile>
  </ItemGroup>
  <ItemGroup>
    <ClInclude Include="..\102598041_new\AddComponentCmd.h">
      <Filter>Header Files</Filter>
    </ClInclude>
    <ClInclude Include="..\102598041_new\SaveFiles.h">
      <Filter>Header Files</Filter>
    </ClInclude>
    <ClInclude Include="..\102598041_QT\AddNodeState.h">
      <Filter>Header Files</Filter>
    </ClInclude>
    <ClInclude Include="..\102598041_new\Attributes.h">
      <Filter>Header Files</Filter>
    </ClInclude>
    <ClInclude Include="..\102598041_new\Command.h">
      <Filter>Header Files</Filter>
    </ClInclude>
    <ClInclude Include="..\102598041_new\CommandManager.h">
      <Filter>Header Files</Filter>
    </ClInclude>
    <ClInclude Include="..\102598041_new\ComponentData.h">
      <Filter>Header Files</Filter>
    </ClInclude>
    <ClInclude Include="..\102598041_new\ComponentFactory.h">
      <Filter>Header Files</Filter>
    </ClInclude>
    <ClInclude Include="..\102598041_new\Components.h">
      <Filter>Header Files</Filter>
    </ClInclude>
    <ClInclude Include="..\102598041_new\ConnectComponentsCmd.h">
      <Filter>Header Files</Filter>
    </ClInclude>
    <ClInclude Include="..\102598041_new\Connection.h">
      <Filter>Header Files</Filter>
    </ClInclude>
    <ClInclude Include="..\102598041_new\ConnectionData.h">
      <Filter>Header Files</Filter>
    </ClInclude>
    <ClInclude Include="..\102598041_QT\ConnectState.h">
      <Filter>Header Files</Filter>
    </ClInclude>
    <ClInclude Include="..\102598041_new\Convertor.h">
      <Filter>Header Files</Filter>
    </ClInclude>
    <ClInclude Include="..\102598041_new\DeleteComponentCmd.h">
      <Filter>Header Files</Filter>
    </ClInclude>
    <ClInclude Include="..\102598041_new\Entity.h">
      <Filter>Header Files</Filter>
    </ClInclude>
    <ClInclude Include="..\102598041_new\EntityData.h">
      <Filter>Header Files</Filter>
    </ClInclude>
    <ClInclude Include="..\102598041_new\ERModel.h">
      <Filter>Header Files</Filter>
    </ClInclude>
    <ClInclude Include="..\102598041_new\ERModelInterface.h">
      <Filter>Header Files</Filter>
    </ClInclude>
    <ClInclude Include="..\102598041_QT\GUIPresentation.h">
      <Filter>Header Files</Filter>
    </ClInclude>
    <ClInclude Include="..\102598041_new\LoadFiles.h">
      <Filter>Header Files</Filter>
    </ClInclude>
    <ClInclude Include="..\102598041_new\MessageOfConstInteger.h">
      <Filter>Header Files</Filter>
    </ClInclude>
    <ClInclude Include="..\102598041_new\MessageOfConstString.h">
      <Filter>Header Files</Filter>
    </ClInclude>
    <ClInclude Include="..\102598041_new\Node.h">
      <Filter>Header Files</Filter>
    </ClInclude>
    <ClInclude Include="..\102598041_new\NullComponent.h">
      <Filter>Header Files</Filter>
    </ClInclude>
    <ClInclude Include="..\102598041_QT\PointState.h">
      <Filter>Header Files</Filter>
    </ClInclude>
    <ClInclude Include="..\102598041_new\Relationship.h">
      <Filter>Header Files</Filter>
    </ClInclude>
    <ClInclude Include="..\102598041_QT\State.h">
      <Filter>Header Files</Filter>
    </ClInclude>
    <ClInclude Include="..\102598041_QT\GUIPresentationSubject.h">
      <Filter>Header Files</Filter>
    </ClInclude>
    <ClInclude Include="..\102598041_QT\MainWindowObserver.h">
      <Filter>Header Files</Filter>
    </ClInclude>
    <ClInclude Include="..\102598041_QT\MainWindowSubject.h">
      <Filter>Header Files</Filter>
    </ClInclude>
    <ClInclude Include="..\102598041_new\Presentation.h">
      <Filter>Header Files</Filter>
    </ClInclude>
  </ItemGroup>
</Project>