<?xml version="1.0" encoding="utf-8"?>
<Project ToolsVersion="4.0" xmlns="http://schemas.microsoft.com/developer/msbuild/2003">
  <ItemGroup>
    <Filter Include="Source Files">
      <UniqueIdentifier>{4FC737F1-C7A5-4376-A066-2A32D752A2FF}</UniqueIdentifier>
      <Extensions>cpp;c;cc;cxx;def;odl;idl;hpj;bat;asm;asmx</Extensions>
    </Filter>
    <Filter Include="Header Files">
      <UniqueIdentifier>{93995380-89BD-4b04-88EB-625FBE52EBFB}</UniqueIdentifier>
      <Extensions>h;hpp;hxx;hm;inl;inc;xsd</Extensions>
    </Filter>
    <Filter Include="Resource Files">
      <UniqueIdentifier>{67DA6AB6-F800-4c08-8B7A-83BB121AAD01}</UniqueIdentifier>
      <Extensions>rc;ico;cur;bmp;dlg;rc2;rct;bin;rgs;gif;jpg;jpeg;jpe;resx;tiff;tif;png;wav;mfcribbon-ms</Extensions>
    </Filter>
    <Filter Include="UnitTest">
      <UniqueIdentifier>{b7122a97-99b5-474f-8621-c6ca677f7d86}</UniqueIdentifier>
    </Filter>
  </ItemGroup>
  <ItemGroup>
    <ClInclude Include="..\102598041_new\Attributes.h">
      <Filter>Header Files</Filter>
    </ClInclude>
    <ClInclude Include="..\102598041_new\Node.h">
      <Filter>Header Files</Filter>
    </ClInclude>
    <ClInclude Include="..\102598041_new\Components.h">
      <Filter>Header Files</Filter>
    </ClInclude>
    <ClInclude Include="..\102598041_new\Connection.h">
      <Filter>Header Files</Filter>
    </ClInclude>
    <ClInclude Include="..\102598041_new\Entity.h">
      <Filter>Header Files</Filter>
    </ClInclude>
    <ClInclude Include="..\102598041_new\AddComponentCmd.h">
      <Filter>Header Files</Filter>
    </ClInclude>
    <ClInclude Include="..\102598041_new\ERModel.h">
      <Filter>Header Files</Filter>
    </ClInclude>
    <ClInclude Include="..\102598041_new\Command.h">
      <Filter>Header Files</Filter>
    </ClInclude>
    <ClInclude Include="..\102598041_new\CommandManager.h">
      <Filter>Header Files</Filter>
    </ClInclude>
    <ClInclude Include="..\102598041_new\ComponentData.h">
      <Filter>Header Files</Filter>
    </ClInclude>
    <ClInclude Include="..\102598041_new\ComponentFactory.h">
      <Filter>Header Files</Filter>
    </ClInclude>
    <ClInclude Include="..\102598041_new\ConnectComponentsCmd.h">
      <Filter>Header Files</Filter>
    </ClInclude>
    <ClInclude Include="..\102598041_new\ConnectionData.h">
      <Filter>Header Files</Filter>
    </ClInclude>
    <ClInclude Include="..\102598041_new\Convertor.h">
      <Filter>Header Files</Filter>
    </ClInclude>
    <ClInclude Include="..\102598041_new\DeleteComponentCmd.h">
      <Filter>Header Files</Filter>
    </ClInclude>
    <ClInclude Include="..\102598041_new\EntityData.h">
      <Filter>Header Files</Filter>
    </ClInclude>
    <ClInclude Include="..\102598041_new\LoadFiles.h">
      <Filter>Header Files</Filter>
    </ClInclude>
    <ClInclude Include="..\102598041_new\MessageOfConstInteger.h">
      <Filter>Header Files</Filter>
    </ClInclude>
    <ClInclude Include="..\102598041_new\MessageOfConstString.h">
      <Filter>Header Files</Filter>
    </ClInclude>
    <ClInclude Include="..\102598041_new\NullComponent.h">
      <Filter>Header Files</Filter>
    </ClInclude>
    <ClInclude Include="..\102598041_new\Relationship.h">
      <Filter>Header Files</Filter>
    </ClInclude>
    <ClInclude Include="..\102598041_new\SaveFiles.h">
      <Filter>Header Files</Filter>
    </ClInclude>
    <ClInclude Include="..\102598041_QT\GUIPresentationSubject.h">
      <Filter>Header Files</Filter>
    </ClInclude>
    <ClInclude Include="..\102598041_QT\GUIObserver.h">
      <Filter>Header Files</Filter>
    </ClInclude>
    <ClInclude Include="..\102598041_new\ERModeSubject.h">
      <Filter>Header Files</Filter>
    </ClInclude>
    <ClInclude Include="..\102598041_QT\SetPrimaryKeyCmd.h">
      <Filter>Header Files</Filter>
    </ClInclude>
    <ClInclude Include="..\102598041_QT\MainWindowSubjectForERModel.h">
      <Filter>Header Files</Filter>
    </ClInclude>
    <ClInclude Include="..\102598041_QT\EditNameOfComponent.h">
      <Filter>Header Files</Filter>
    </ClInclude>
    <ClInclude Include="..\102598041_QT\ComponentVisitor.h">
      <Filter>Header Files</Filter>
    </ClInclude>
    <ClInclude Include="..\102598041_QT\SaveXmlComponentVisitor.h">
      <Filter>Header Files</Filter>
    </ClInclude>
    <ClInclude Include="..\102598041_QT\SaveComponentVisitor.h">
      <Filter>Header Files</Filter>
    </ClInclude>
    <ClInclude Include="..\102598041_QT\PasteComponents.h">
      <Filter>Header Files</Filter>
    </ClInclude>
    <ClInclude Include="..\102598041_QT\MoveComponents.h">
      <Filter>Header Files</Filter>
    </ClInclude>
    <ClInclude Include="..\102598041_QT\CutComponents.h">
      <Filter>Header Files</Filter>
    </ClInclude>
    <ClInclude Include="..\102598041_QT\ComponentPoint.h">
      <Filter>Header Files</Filter>
    </ClInclude>
  </ItemGroup>
  <ItemGroup>
    <ClCompile Include="..\102598041_new\Attributes.cpp">
      <Filter>Source Files</Filter>
    </ClCompile>
    <ClCompile Include="..\102598041_new\Entity.cpp">
      <Filter>Source Files</Filter>
    </ClCompile>
    <ClCompile Include="..\102598041_new\Components.cpp">
      <Filter>Source Files</Filter>
    </ClCompile>
    <ClCompile Include="..\102598041_new\Connection.cpp">
      <Filter>Source Files</Filter>
    </ClCompile>
    <ClCompile Include="..\102598041_new\Node.cpp">
      <Filter>Source Files</Filter>
    </ClCompile>
    <ClCompile Include="..\102598041_new\AddComponentCmd.cpp">
      <Filter>Source Files</Filter>
    </ClCompile>
    <ClCompile Include="..\102598041_new\ERModel.cpp">
      <Filter>Source Files</Filter>
    </ClCompile>
    <ClCompile Include="..\102598041_new\Command.cpp">
      <Filter>Source Files</Filter>
    </ClCompile>
    <ClCompile Include="..\102598041_new\CommandManager.cpp">
      <Filter>Source Files</Filter>
    </ClCompile>
    <ClCompile Include="..\102598041_new\ComponentData.cpp">
      <Filter>Source Files</Filter>
    </ClCompile>
    <ClCompile Include="..\102598041_new\ComponentFactory.cpp">
      <Filter>Source Files</Filter>
    </ClCompile>
    <ClCompile Include="..\102598041_new\ConnectComponentsCmd.cpp">
      <Filter>Source Files</Filter>
    </ClCompile>
    <ClCompile Include="..\102598041_new\ConnectionData.cpp">
      <Filter>Source Files</Filter>
    </ClCompile>
    <ClCompile Include="..\102598041_new\ConstString.cpp">
      <Filter>Source Files</Filter>
    </ClCompile>
    <ClCompile Include="..\102598041_new\Convertor.cpp">
      <Filter>Source Files</Filter>
    </ClCompile>
    <ClCompile Include="..\102598041_new\DeleteComponentCmd.cpp">
      <Filter>Source Files</Filter>
    </ClCompile>
    <ClCompile Include="..\102598041_new\EntityData.cpp">
      <Filter>Source Files</Filter>
    </ClCompile>
    <ClCompile Include="..\102598041_new\LoadFiles.cpp">
      <Filter>Source Files</Filter>
    </ClCompile>
    <ClCompile Include="..\102598041_new\MessageOfConstInteger.cpp">
      <Filter>Source Files</Filter>
    </ClCompile>
    <ClCompile Include="..\102598041_new\NullComponent.cpp">
      <Filter>Source Files</Filter>
    </ClCompile>
    <ClCompile Include="AddComponentCmdTest.cpp">
      <Filter>UnitTest</Filter>
    </ClCompile>
    <ClCompile Include="SaveFileTest.cpp">
      <Filter>UnitTest</Filter>
    </ClCompile>
    <ClCompile Include="AttributeTest.cpp">
      <Filter>UnitTest</Filter>
    </ClCompile>
    <ClCompile Include="CommandManagerTest.cpp">
      <Filter>UnitTest</Filter>
    </ClCompile>
    <ClCompile Include="ConnectComponentsCmdTest.cpp">
      <Filter>UnitTest</Filter>
    </ClCompile>
    <ClCompile Include="ConnectionTest.cpp">
      <Filter>UnitTest</Filter>
    </ClCompile>
    <ClCompile Include="DeleteComponentCmdTest.cpp">
      <Filter>UnitTest</Filter>
    </ClCompile>
    <ClCompile Include="EntityTest.cpp">
      <Filter>UnitTest</Filter>
    </ClCompile>
    <ClCompile Include="ERModelTest.cpp">
      <Filter>UnitTest</Filter>
    </ClCompile>
    <ClCompile Include="LoadFileTest.cpp">
      <Filter>UnitTest</Filter>
    </ClCompile>
    <ClCompile Include="main.cpp">
      <Filter>UnitTest</Filter>
    </ClCompile>
    <ClCompile Include="RelationshipTest.cpp">
      <Filter>UnitTest</Filter>
    </ClCompile>
    <ClCompile Include="..\102598041_new\Relationship.cpp">
      <Filter>Source Files</Filter>
    </ClCompile>
    <ClCompile Include="..\102598041_new\SaveFiles.cpp">
      <Filter>Source Files</Filter>
    </ClCompile>
    <ClCompile Include="..\102598041_QT\GUIPresentationSubject.cpp">
      <Filter>Source Files</Filter>
    </ClCompile>
    <ClCompile Include="..\102598041_QT\GUIObserver.cpp">
      <Filter>Source Files</Filter>
    </ClCompile>
    <ClCompile Include="..\102598041_new\ERModeSubject.cpp">
      <Filter>Source Files</Filter>
    </ClCompile>
    <ClCompile Include="..\102598041_QT\SetPrimaryKeyCmd.cpp">
      <Filter>Source Files</Filter>
    </ClCompile>
    <ClCompile Include="..\102598041_QT\MainWindowSubjectForERModel.cpp">
      <Filter>Source Files</Filter>
    </ClCompile>
    <ClCompile Include="..\102598041_QT\EditNameOfComponent.cpp">
      <Filter>Source Files</Filter>
    </ClCompile>
    <ClCompile Include="SetPrimaryKeyCmdTest.cpp">
      <Filter>UnitTest</Filter>
    </ClCompile>
    <ClCompile Include="EditNameOfComponentTest.cpp">
      <Filter>UnitTest</Filter>
    </ClCompile>
    <ClCompile Include="..\102598041_QT\ComponentVisitor.cpp">
      <Filter>Source Files</Filter>
    </ClCompile>
    <ClCompile Include="..\102598041_QT\SaveXmlComponentVisitor.cpp">
      <Filter>Source Files</Filter>
    </ClCompile>
    <ClCompile Include="..\102598041_QT\SaveComponentVisitor.cpp">
      <Filter>Source Files</Filter>
    </ClCompile>
    <ClCompile Include="..\102598041_QT\CutComponents.cpp">
      <Filter>Source Files</Filter>
    </ClCompile>
    <ClCompile Include="..\102598041_QT\MoveComponents.cpp">
      <Filter>Source Files</Filter>
    </ClCompile>
    <ClCompile Include="..\102598041_QT\PasteComponents.cpp">
      <Filter>Source Files</Filter>
    </ClCompile>
    <ClCompile Include="..\102598041_QT\ComponentPoint.cpp">
      <Filter>Source Files</Filter>
    </ClCompile>
  </ItemGroup>
</Project>