<?xml version="1.0" encoding="utf-8"?>
<Project ToolsVersion="4.0" xmlns="http://schemas.microsoft.com/developer/msbuild/2003">
  <ItemGroup>
    <Filter Include="Source Files">
      <UniqueIdentifier>{4FC737F1-C7A5-4376-A066-2A32D752A2FF}</UniqueIdentifier>
      <Extensions>cpp;c;cc;cxx;def;odl;idl;hpj;bat;asm;asmx</Extensions>
    </Filter>
    <Filter Include="Header Files">
      <UniqueIdentifier>{93995380-89BD-4b04-88EB-625FBE52EBFB}</UniqueIdentifier>
      <Extensions>h;hpp;hxx;hm;inl;inc;xsd</Extensions>
    </Filter>
    <Filter Include="Resource Files">
      <UniqueIdentifier>{67DA6AB6-F800-4c08-8B7A-83BB121AAD01}</UniqueIdentifier>
      <Extensions>rc;ico;cur;bmp;dlg;rc2;rct;bin;rgs;gif;jpg;jpeg;jpe;resx;tiff;tif;png;wav;mfcribbon-ms</Extensions>
    </Filter>
  </ItemGroup>
  <ItemGroup>
    <ClCompile Include="Main.cpp">
      <Filter>Source Files</Filter>
    </ClCompile>
    <ClCompile Include="TextUI.cpp">
      <Filter>Source Files</Filter>
    </ClCompile>
    <ClCompile Include="TextUIController.cpp">
      <Filter>Source Files</Filter>
    </ClCompile>
    <ClCompile Include="ConstString.cpp">
      <Filter>Source Files</Filter>
    </ClCompile>
    <ClCompile Include="ERModel.cpp">
      <Filter>Source Files</Filter>
    </ClCompile>
    <ClCompile Include="Components.cpp">
      <Filter>Source Files</Filter>
    </ClCompile>
    <ClCompile Include="Node.cpp">
      <Filter>Source Files</Filter>
    </ClCompile>
    <ClCompile Include="Connection.cpp">
      <Filter>Source Files</Filter>
    </ClCompile>
    <ClCompile Include="Attributes.cpp">
      <Filter>Source Files</Filter>
    </ClCompile>
    <ClCompile Include="Entity.cpp">
      <Filter>Source Files</Filter>
    </ClCompile>
    <ClCompile Include="Relationship.cpp">
      <Filter>Source Files</Filter>
    </ClCompile>
    <ClCompile Include="ComponentFactory.cpp">
      <Filter>Source Files</Filter>
    </ClCompile>
    <ClCompile Include="Convertor.cpp">
      <Filter>Source Files</Filter>
    </ClCompile>
    <ClCompile Include="MessageOfConstInteger.cpp">
      <Filter>Source Files</Filter>
    </ClCompile>
    <ClCompile Include="ObserverTextUIInterface.cpp">
      <Filter>Source Files</Filter>
    </ClCompile>
    <ClCompile Include="ConnectionData.cpp">
      <Filter>Source Files</Filter>
    </ClCompile>
    <ClCompile Include="ComponentData.cpp">
      <Filter>Source Files</Filter>
    </ClCompile>
    <ClCompile Include="Presentation.cpp">
      <Filter>Source Files</Filter>
    </ClCompile>
    <ClCompile Include="CommandManager.cpp">
      <Filter>Source Files</Filter>
    </ClCompile>
    <ClCompile Include="Command.cpp">
      <Filter>Source Files</Filter>
    </ClCompile>
    <ClCompile Include="AddComponentCmd.cpp">
      <Filter>Source Files</Filter>
    </ClCompile>
    <ClCompile Include="DeleteComponentCmd.cpp">
      <Filter>Source Files</Filter>
    </ClCompile>
    <ClCompile Include="ConnectComponentsCmd.cpp">
      <Filter>Source Files</Filter>
    </ClCompile>
    <ClCompile Include="NullComponent.cpp">
      <Filter>Source Files</Filter>
    </ClCompile>
    <ClCompile Include="EntityData.cpp">
      <Filter>Source Files</Filter>
    </ClCompile>
    <ClCompile Include="SaveFiles.cpp">
      <Filter>Source Files</Filter>
    </ClCompile>
    <ClCompile Include="LoadFiles.cpp">
      <Filter>Source Files</Filter>
    </ClCompile>
    <ClCompile Include="ERModeSubject.cpp">
      <Filter>Source Files</Filter>
    </ClCompile>
    <ClCompile Include="..\102598041_QT\SetPrimaryKeyCmd.cpp">
      <Filter>Source Files</Filter>
    </ClCompile>
    <ClCompile Include="..\102598041_QT\MainWindowSubjectForERModel.cpp">
      <Filter>Source Files</Filter>
    </ClCompile>
    <ClCompile Include="..\102598041_QT\EditNameOfComponent.cpp">
      <Filter>Source Files</Filter>
    </ClCompile>
    <ClCompile Include="..\102598041_QT\ComponentVisitor.cpp">
      <Filter>Source Files</Filter>
    </ClCompile>
    <ClCompile Include="..\102598041_QT\SaveXmlComponentVisitor.cpp">
      <Filter>Source Files</Filter>
    </ClCompile>
    <ClCompile Include="..\102598041_QT\SaveComponentVisitor.cpp">
      <Filter>Source Files</Filter>
    </ClCompile>
    <ClCompile Include="..\102598041_QT\CutComponents.cpp">
      <Filter>Source Files</Filter>
    </ClCompile>
    <ClCompile Include="..\102598041_QT\MoveComponents.cpp">
      <Filter>Source Files</Filter>
    </ClCompile>
    <ClCompile Include="..\102598041_QT\PasteComponents.cpp">
      <Filter>Source Files</Filter>
    </ClCompile>
    <ClCompile Include="..\102598041_QT\ComponentPoint.cpp">
      <Filter>Source Files</Filter>
    </ClCompile>
  </ItemGroup>
  <ItemGroup>
    <ClInclude Include="TextUI.h">
      <Filter>Header Files</Filter>
    </ClInclude>
    <ClInclude Include="TextUIController.h">
      <Filter>Header Files</Filter>
    </ClInclude>
    <ClInclude Include="ERModel.h">
      <Filter>Header Files</Filter>
    </ClInclude>
    <ClInclude Include="Components.h">
      <Filter>Header Files</Filter>
    </ClInclude>
    <ClInclude Include="Node.h">
      <Filter>Header Files</Filter>
    </ClInclude>
    <ClInclude Include="Connection.h">
      <Filter>Header Files</Filter>
    </ClInclude>
    <ClInclude Include="Attributes.h">
      <Filter>Header Files</Filter>
    </ClInclude>
    <ClInclude Include="Entity.h">
      <Filter>Header Files</Filter>
    </ClInclude>
    <ClInclude Include="Relationship.h">
      <Filter>Header Files</Filter>
    </ClInclude>
    <ClInclude Include="ComponentFactory.h">
      <Filter>Header Files</Filter>
    </ClInclude>
    <ClInclude Include="Convertor.h">
      <Filter>Header Files</Filter>
    </ClInclude>
    <ClInclude Include="MessageOfConstInteger.h">
      <Filter>Header Files</Filter>
    </ClInclude>
    <ClInclude Include="ObserverTextUIInterface.h">
      <Filter>Header Files</Filter>
    </ClInclude>
    <ClInclude Include="ConnectionData.h">
      <Filter>Header Files</Filter>
    </ClInclude>
    <ClInclude Include="ComponentData.h">
      <Filter>Header Files</Filter>
    </ClInclude>
    <ClInclude Include="CommandManager.h">
      <Filter>Header Files</Filter>
    </ClInclude>
    <ClInclude Include="Command.h">
      <Filter>Header Files</Filter>
    </ClInclude>
    <ClInclude Include="AddComponentCmd.h">
      <Filter>Header Files</Filter>
    </ClInclude>
    <ClInclude Include="DeleteComponentCmd.h">
      <Filter>Header Files</Filter>
    </ClInclude>
    <ClInclude Include="ConnectComponentsCmd.h">
      <Filter>Header Files</Filter>
    </ClInclude>
    <ClInclude Include="NullComponent.h">
      <Filter>Header Files</Filter>
    </ClInclude>
    <ClInclude Include="MessageOfConstString.h">
      <Filter>Header Files</Filter>
    </ClInclude>
    <ClInclude Include="EntityData.h">
      <Filter>Header Files</Filter>
    </ClInclude>
    <ClInclude Include="SaveFiles.h">
      <Filter>Header Files</Filter>
    </ClInclude>
    <ClInclude Include="LoadFiles.h">
      <Filter>Header Files</Filter>
    </ClInclude>
    <ClInclude Include="Presentation.h">
      <Filter>Header Files</Filter>
    </ClInclude>
    <ClInclude Include="ERModeSubject.h">
      <Filter>Header Files</Filter>
    </ClInclude>
    <ClInclude Include="..\102598041_QT\SetPrimaryKeyCmd.h">
      <Filter>Header Files</Filter>
    </ClInclude>
    <ClInclude Include="..\102598041_QT\MainWindowSubjectForERModel.h">
      <Filter>Header Files</Filter>
    </ClInclude>
    <ClInclude Include="..\102598041_QT\EditNameOfComponent.h">
      <Filter>Header Files</Filter>
    </ClInclude>
    <ClInclude Include="..\102598041_QT\ComponentVisitor.h">
      <Filter>Header Files</Filter>
    </ClInclude>
    <ClInclude Include="..\102598041_QT\SaveXmlComponentVisitor.h">
      <Filter>Header Files</Filter>
    </ClInclude>
    <ClInclude Include="..\102598041_QT\SaveComponentVisitor.h">
      <Filter>Header Files</Filter>
    </ClInclude>
    <ClInclude Include="..\102598041_QT\PasteComponents.h">
      <Filter>Header Files</Filter>
    </ClInclude>
    <ClInclude Include="..\102598041_QT\MoveComponents.h">
      <Filter>Header Files</Filter>
    </ClInclude>
    <ClInclude Include="..\102598041_QT\CutComponents.h">
      <Filter>Header Files</Filter>
    </ClInclude>
    <ClInclude Include="..\102598041_QT\ComponentPoint.h">
      <Filter>Header Files</Filter>
    </ClInclude>
  </ItemGroup>
</Project>